
Microsoft Visual Studio Solution File, Format Version 9.00
# Visual Studio 2005
Project("{8BC9CEB8-8B4A-11D0-8D11-00A0C91BC942}") = "OneMaxEvaluator", "OneMax.vcproj", "{05C6611F-A348-4B9E-9E80-00C40B46755E}"
EndProject
Global
	GlobalSection(SolutionConfigurationPlatforms) = preSolution
		Debug|Win32 = Debug|Win32
		Release|Win32 = Release|Win32
	EndGlobalSection
	GlobalSection(ProjectConfigurationPlatforms) = postSolution
		{05C6611F-A348-4B9E-9E80-00C40B46755E}.Debug|Win32.ActiveCfg = Debug|Win32
		{05C6611F-A348-4B9E-9E80-00C40B46755E}.Debug|Win32.Build.0 = Debug|Win32
		{05C6611F-A348-4B9E-9E80-00C40B46755E}.Release|Win32.ActiveCfg = Release|Win32
		{05C6611F-A348-4B9E-9E80-00C40B46755E}.Release|Win32.Build.0 = Release|Win32
	EndGlobalSection
	GlobalSection(SolutionProperties) = preSolution
		HideSolutionNode = FALSE
	EndGlobalSection
EndGlobal
